// !$*UTF8*$!
{
	archiveVersion = 1;
	classes = {
	};
	objectVersion = 50;
	objects = {

/* Begin PBXBuildFile section */
		ABA01277253652890083DE2F /* AppDelegate.swift in Sources */ = {isa = PBXBuildFile; fileRef = ABA01276253652890083DE2F /* AppDelegate.swift */; };
		ABA01279253652890083DE2F /* SceneDelegate.swift in Sources */ = {isa = PBXBuildFile; fileRef = ABA01278253652890083DE2F /* SceneDelegate.swift */; };
		ABA0127D253652960083DE2F /* Assets.xcassets in Resources */ = {isa = PBXBuildFile; fileRef = ABA0127C253652960083DE2F /* Assets.xcassets */; };
		ABA01280253652960083DE2F /* Preview Assets.xcassets in Resources */ = {isa = PBXBuildFile; fileRef = ABA0127F253652960083DE2F /* Preview Assets.xcassets */; };
		ABA01283253652960083DE2F /* LaunchScreen.storyboard in Resources */ = {isa = PBXBuildFile; fileRef = ABA01281253652960083DE2F /* LaunchScreen.storyboard */; };
		ABA01296253655FE0083DE2F /* CalculatorViewController.swift in Sources */ = {isa = PBXBuildFile; fileRef = ABA01295253655FE0083DE2F /* CalculatorViewController.swift */; };
		ABA012992536563A0083DE2F /* UIViewExtension.swift in Sources */ = {isa = PBXBuildFile; fileRef = ABA012982536563A0083DE2F /* UIViewExtension.swift */; };
/* End PBXBuildFile section */

/* Begin PBXFileReference section */
		ABA01273253652890083DE2F /* Programatic Calculator.app */ = {isa = PBXFileReference; explicitFileType = wrapper.application; includeInIndex = 0; path = "Programatic Calculator.app"; sourceTree = BUILT_PRODUCTS_DIR; };
		ABA01276253652890083DE2F /* AppDelegate.swift */ = {isa = PBXFileReference; lastKnownFileType = sourcecode.swift; path = AppDelegate.swift; sourceTree = "<group>"; };
		ABA01278253652890083DE2F /* SceneDelegate.swift */ = {isa = PBXFileReference; lastKnownFileType = sourcecode.swift; path = SceneDelegate.swift; sourceTree = "<group>"; };
		ABA0127C253652960083DE2F /* Assets.xcassets */ = {isa = PBXFileReference; lastKnownFileType = folder.assetcatalog; path = Assets.xcassets; sourceTree = "<group>"; };
		ABA0127F253652960083DE2F /* Preview Assets.xcassets */ = {isa = PBXFileReference; lastKnownFileType = folder.assetcatalog; path = "Preview Assets.xcassets"; sourceTree = "<group>"; };
		ABA01282253652960083DE2F /* Base */ = {isa = PBXFileReference; lastKnownFileType = file.storyboard; name = Base; path = Base.lproj/LaunchScreen.storyboard; sourceTree = "<group>"; };
		ABA01284253652960083DE2F /* Info.plist */ = {isa = PBXFileReference; lastKnownFileType = text.plist.xml; path = Info.plist; sourceTree = "<group>"; };
		ABA01295253655FE0083DE2F /* CalculatorViewController.swift */ = {isa = PBXFileReference; lastKnownFileType = sourcecode.swift; path = CalculatorViewController.swift; sourceTree = "<group>"; };
		ABA012982536563A0083DE2F /* UIViewExtension.swift */ = {isa = PBXFileReference; lastKnownFileType = sourcecode.swift; path = UIViewExtension.swift; sourceTree = "<group>"; };
/* End PBXFileReference section */

/* Begin PBXFrameworksBuildPhase section */
		ABA01270253652890083DE2F /* Frameworks */ = {
			isa = PBXFrameworksBuildPhase;
			buildActionMask = 2147483647;
			files = (
			);
			runOnlyForDeploymentPostprocessing = 0;
		};
/* End PBXFrameworksBuildPhase section */

/* Begin PBXGroup section */
		ABA0126A253652880083DE2F = {
			isa = PBXGroup;
			children = (
				ABA01275253652890083DE2F /* Programatic Calculator */,
				ABA01274253652890083DE2F /* Products */,
			);
			sourceTree = "<group>";
		};
		ABA01274253652890083DE2F /* Products */ = {
			isa = PBXGroup;
			children = (
				ABA01273253652890083DE2F /* Programatic Calculator.app */,
			);
			name = Products;
			sourceTree = "<group>";
		};
		ABA01275253652890083DE2F /* Programatic Calculator */ = {
			isa = PBXGroup;
			children = (
				ABA01290253653540083DE2F /* Views */,
				ABA01292253653700083DE2F /* Controllers */,
				ABA012912536535E0083DE2F /* Extensions */,
				ABA0128C2536530C0083DE2F /* Resources */,
				ABA0127E253652960083DE2F /* Preview Content */,
			);
			path = "Programatic Calculator";
			sourceTree = "<group>";
		};
		ABA0127E253652960083DE2F /* Preview Content */ = {
			isa = PBXGroup;
			children = (
				ABA0127F253652960083DE2F /* Preview Assets.xcassets */,
			);
			path = "Preview Content";
			sourceTree = "<group>";
		};
		ABA0128C2536530C0083DE2F /* Resources */ = {
			isa = PBXGroup;
			children = (
				ABA01276253652890083DE2F /* AppDelegate.swift */,
				ABA01278253652890083DE2F /* SceneDelegate.swift */,
				ABA0127C253652960083DE2F /* Assets.xcassets */,
				ABA01281253652960083DE2F /* LaunchScreen.storyboard */,
				ABA01284253652960083DE2F /* Info.plist */,
			);
			path = Resources;
			sourceTree = "<group>";
		};
		ABA01290253653540083DE2F /* Views */ = {
			isa = PBXGroup;
			children = (
			);
			path = Views;
			sourceTree = "<group>";
		};
		ABA012912536535E0083DE2F /* Extensions */ = {
			isa = PBXGroup;
			children = (
				ABA012982536563A0083DE2F /* UIViewExtension.swift */,
			);
			path = Extensions;
			sourceTree = "<group>";
		};
		ABA01292253653700083DE2F /* Controllers */ = {
			isa = PBXGroup;
			children = (
				ABA01293253653790083DE2F /* ViewControllers */,
			);
			path = Controllers;
			sourceTree = "<group>";
		};
		ABA01293253653790083DE2F /* ViewControllers */ = {
			isa = PBXGroup;
			children = (
				ABA01295253655FE0083DE2F /* CalculatorViewController.swift */,
			);
			path = ViewControllers;
			sourceTree = "<group>";
		};
/* End PBXGroup section */

/* Begin PBXNativeTarget section */
		ABA01272253652890083DE2F /* Programatic Calculator */ = {
			isa = PBXNativeTarget;
			buildConfigurationList = ABA01287253652960083DE2F /* Build configuration list for PBXNativeTarget "Programatic Calculator" */;
			buildPhases = (
				ABA0126F253652890083DE2F /* Sources */,
				ABA01270253652890083DE2F /* Frameworks */,
				ABA01271253652890083DE2F /* Resources */,
			);
			buildRules = (
			);
			dependencies = (
			);
			name = "Programatic Calculator";
			productName = "Programatic Calculator";
			productReference = ABA01273253652890083DE2F /* Programatic Calculator.app */;
			productType = "com.apple.product-type.application";
		};
/* End PBXNativeTarget section */

/* Begin PBXProject section */
		ABA0126B253652880083DE2F /* Project object */ = {
			isa = PBXProject;
			attributes = {
				LastSwiftUpdateCheck = 1200;
				LastUpgradeCheck = 1200;
				TargetAttributes = {
					ABA01272253652890083DE2F = {
						CreatedOnToolsVersion = 12.0;
					};
				};
			};
			buildConfigurationList = ABA0126E253652880083DE2F /* Build configuration list for PBXProject "Programatic Calculator" */;
			compatibilityVersion = "Xcode 9.3";
			developmentRegion = en;
			hasScannedForEncodings = 0;
			knownRegions = (
				en,
				Base,
			);
			mainGroup = ABA0126A253652880083DE2F;
			productRefGroup = ABA01274253652890083DE2F /* Products */;
			projectDirPath = "";
			projectRoot = "";
			targets = (
				ABA01272253652890083DE2F /* Programatic Calculator */,
			);
		};
/* End PBXProject section */

/* Begin PBXResourcesBuildPhase section */
		ABA01271253652890083DE2F /* Resources */ = {
			isa = PBXResourcesBuildPhase;
			buildActionMask = 2147483647;
			files = (
				ABA01283253652960083DE2F /* LaunchScreen.storyboard in Resources */,
				ABA01280253652960083DE2F /* Preview Assets.xcassets in Resources */,
				ABA0127D253652960083DE2F /* Assets.xcassets in Resources */,
			);
			runOnlyForDeploymentPostprocessing = 0;
		};
/* End PBXResourcesBuildPhase section */

/* Begin PBXSourcesBuildPhase section */
		ABA0126F253652890083DE2F /* Sources */ = {
			isa = PBXSourcesBuildPhase;
			buildActionMask = 2147483647;
			files = (
				ABA01277253652890083DE2F /* AppDelegate.swift in Sources */,
				ABA01296253655FE0083DE2F /* CalculatorViewController.swift in Sources */,
				ABA012992536563A0083DE2F /* UIViewExtension.swift in Sources */,
				ABA01279253652890083DE2F /* SceneDelegate.swift in Sources */,
			);
			runOnlyForDeploymentPostprocessing = 0;
		};
/* End PBXSourcesBuildPhase section */

/* Begin PBXVariantGroup section */
		ABA01281253652960083DE2F /* LaunchScreen.storyboard */ = {
			isa = PBXVariantGroup;
			children = (
				ABA01282253652960083DE2F /* Base */,
			);
			name = LaunchScreen.storyboard;
			sourceTree = "<group>";
		};
/* End PBXVariantGroup section */

/* Begin XCBuildConfiguration section */
		ABA01285253652960083DE2F /* Debug */ = {
			isa = XCBuildConfiguration;
			buildSettings = {
				ALWAYS_SEARCH_USER_PATHS = NO;
				CLANG_ANALYZER_NONNULL = YES;
				CLANG_ANALYZER_NUMBER_OBJECT_CONVERSION = YES_AGGRESSIVE;
				CLANG_CXX_LANGUAGE_STANDARD = "gnu++14";
				CLANG_CXX_LIBRARY = "libc++";
				CLANG_ENABLE_MODULES = YES;
				CLANG_ENABLE_OBJC_ARC = YES;
				CLANG_ENABLE_OBJC_WEAK = YES;
				CLANG_WARN_BLOCK_CAPTURE_AUTORELEASING = YES;
				CLANG_WARN_BOOL_CONVERSION = YES;
				CLANG_WARN_COMMA = YES;
				CLANG_WARN_CONSTANT_CONVERSION = YES;
				CLANG_WARN_DEPRECATED_OBJC_IMPLEMENTATIONS = YES;
				CLANG_WARN_DIRECT_OBJC_ISA_USAGE = YES_ERROR;
				CLANG_WARN_DOCUMENTATION_COMMENTS = YES;
				CLANG_WARN_EMPTY_BODY = YES;
				CLANG_WARN_ENUM_CONVERSION = YES;
				CLANG_WARN_INFINITE_RECURSION = YES;
				CLANG_WARN_INT_CONVERSION = YES;
				CLANG_WARN_NON_LITERAL_NULL_CONVERSION = YES;
				CLANG_WARN_OBJC_IMPLICIT_RETAIN_SELF = YES;
				CLANG_WARN_OBJC_LITERAL_CONVERSION = YES;
				CLANG_WARN_OBJC_ROOT_CLASS = YES_ERROR;
				CLANG_WARN_QUOTED_INCLUDE_IN_FRAMEWORK_HEADER = YES;
				CLANG_WARN_RANGE_LOOP_ANALYSIS = YES;
				CLANG_WARN_STRICT_PROTOTYPES = YES;
				CLANG_WARN_SUSPICIOUS_MOVE = YES;
				CLANG_WARN_UNGUARDED_AVAILABILITY = YES_AGGRESSIVE;
				CLANG_WARN_UNREACHABLE_CODE = YES;
				CLANG_WARN__DUPLICATE_METHOD_MATCH = YES;
				COPY_PHASE_STRIP = NO;
				DEBUG_INFORMATION_FORMAT = dwarf;
				ENABLE_STRICT_OBJC_MSGSEND = YES;
				ENABLE_TESTABILITY = YES;
				GCC_C_LANGUAGE_STANDARD = gnu11;
				GCC_DYNAMIC_NO_PIC = NO;
				GCC_NO_COMMON_BLOCKS = YES;
				GCC_OPTIMIZATION_LEVEL = 0;
				GCC_PREPROCESSOR_DEFINITIONS = (
					"DEBUG=1",
					"$(inherited)",
				);
				GCC_WARN_64_TO_32_BIT_CONVERSION = YES;
				GCC_WARN_ABOUT_RETURN_TYPE = YES_ERROR;
				GCC_WARN_UNDECLARED_SELECTOR = YES;
				GCC_WARN_UNINITIALIZED_AUTOS = YES_AGGRESSIVE;
				GCC_WARN_UNUSED_FUNCTION = YES;
				GCC_WARN_UNUSED_VARIABLE = YES;
				IPHONEOS_DEPLOYMENT_TARGET = 14.0;
				MTL_ENABLE_DEBUG_INFO = INCLUDE_SOURCE;
				MTL_FAST_MATH = YES;
				ONLY_ACTIVE_ARCH = YES;
				SDKROOT = iphoneos;
				SWIFT_ACTIVE_COMPILATION_CONDITIONS = DEBUG;
				SWIFT_OPTIMIZATION_LEVEL = "-Onone";
			};
			name = Debug;
		};
		ABA01286253652960083DE2F /* Release */ = {
			isa = XCBuildConfiguration;
			buildSettings = {
				ALWAYS_SEARCH_USER_PATHS = NO;
				CLANG_ANALYZER_NONNULL = YES;
				CLANG_ANALYZER_NUMBER_OBJECT_CONVERSION = YES_AGGRESSIVE;
				CLANG_CXX_LANGUAGE_STANDARD = "gnu++14";
				CLANG_CXX_LIBRARY = "libc++";
				CLANG_ENABLE_MODULES = YES;
				CLANG_ENABLE_OBJC_ARC = YES;
				CLANG_ENABLE_OBJC_WEAK = YES;
				CLANG_WARN_BLOCK_CAPTURE_AUTORELEASING = YES;
				CLANG_WARN_BOOL_CONVERSION = YES;
				CLANG_WARN_COMMA = YES;
				CLANG_WARN_CONSTANT_CONVERSION = YES;
				CLANG_WARN_DEPRECATED_OBJC_IMPLEMENTATIONS = YES;
				CLANG_WARN_DIRECT_OBJC_ISA_USAGE = YES_ERROR;
				CLANG_WARN_DOCUMENTATION_COMMENTS = YES;
				CLANG_WARN_EMPTY_BODY = YES;
				CLANG_WARN_ENUM_CONVERSION = YES;
				CLANG_WARN_INFINITE_RECURSION = YES;
				CLANG_WARN_INT_CONVERSION = YES;
				CLANG_WARN_NON_LITERAL_NULL_CONVERSION = YES;
				CLANG_WARN_OBJC_IMPLICIT_RETAIN_SELF = YES;
				CLANG_WARN_OBJC_LITERAL_CONVERSION = YES;
				CLANG_WARN_OBJC_ROOT_CLASS = YES_ERROR;
				CLANG_WARN_QUOTED_INCLUDE_IN_FRAMEWORK_HEADER = YES;
				CLANG_WARN_RANGE_LOOP_ANALYSIS = YES;
				CLANG_WARN_STRICT_PROTOTYPES = YES;
				CLANG_WARN_SUSPICIOUS_MOVE = YES;
				CLANG_WARN_UNGUARDED_AVAILABILITY = YES_AGGRESSIVE;
				CLANG_WARN_UNREACHABLE_CODE = YES;
				CLANG_WARN__DUPLICATE_METHOD_MATCH = YES;
				COPY_PHASE_STRIP = NO;
				DEBUG_INFORMATION_FORMAT = "dwarf-with-dsym";
				ENABLE_NS_ASSERTIONS = NO;
				ENABLE_STRICT_OBJC_MSGSEND = YES;
				GCC_C_LANGUAGE_STANDARD = gnu11;
				GCC_NO_COMMON_BLOCKS = YES;
				GCC_WARN_64_TO_32_BIT_CONVERSION = YES;
				GCC_WARN_ABOUT_RETURN_TYPE = YES_ERROR;
				GCC_WARN_UNDECLARED_SELECTOR = YES;
				GCC_WARN_UNINITIALIZED_AUTOS = YES_AGGRESSIVE;
				GCC_WARN_UNUSED_FUNCTION = YES;
				GCC_WARN_UNUSED_VARIABLE = YES;
				IPHONEOS_DEPLOYMENT_TARGET = 14.0;
				MTL_ENABLE_DEBUG_INFO = NO;
				MTL_FAST_MATH = YES;
				SDKROOT = iphoneos;
				SWIFT_COMPILATION_MODE = wholemodule;
				SWIFT_OPTIMIZATION_LEVEL = "-O";
				VALIDATE_PRODUCT = YES;
			};
			name = Release;
		};
		ABA01288253652960083DE2F /* Debug */ = {
			isa = XCBuildConfiguration;
			buildSettings = {
				ASSETCATALOG_COMPILER_APPICON_NAME = AppIcon;
				ASSETCATALOG_COMPILER_GLOBAL_ACCENT_COLOR_NAME = AccentColor;
				CODE_SIGN_STYLE = Automatic;
				DEVELOPMENT_ASSET_PATHS = "\"Programatic Calculator/Preview Content\"";
				DEVELOPMENT_TEAM = HB59AGWRUY;
				ENABLE_PREVIEWS = YES;
				INFOPLIST_FILE = "Programatic Calculator/Resources/Info.plist";
				LD_RUNPATH_SEARCH_PATHS = (
					"$(inherited)",
					"@executable_path/Frameworks",
				);
				PRODUCT_BUNDLE_IDENTIFIER = "com.TrevorBursach.Programatic-Calculator";
				PRODUCT_NAME = "$(TARGET_NAME)";
				SWIFT_VERSION = 5.0;
				TARGETED_DEVICE_FAMILY = "1,2";
			};
			name = Debug;
		};
		ABA01289253652960083DE2F /* Release */ = {
			isa = XCBuildConfiguration;
			buildSettings = {
				ASSETCATALOG_COMPILER_APPICON_NAME = AppIcon;
				ASSETCATALOG_COMPILER_GLOBAL_ACCENT_COLOR_NAME = AccentColor;
				CODE_SIGN_STYLE = Automatic;
				DEVELOPMENT_ASSET_PATHS = "\"Programatic Calculator/Preview Content\"";
				DEVELOPMENT_TEAM = HB59AGWRUY;
				ENABLE_PREVIEWS = YES;
				INFOPLIST_FILE = "Programatic Calculator/Resources/Info.plist";
				LD_RUNPATH_SEARCH_PATHS = (
					"$(inherited)",
					"@executable_path/Frameworks",
				);
				PRODUCT_BUNDLE_IDENTIFIER = "com.TrevorBursach.Programatic-Calculator";
				PRODUCT_NAME = "$(TARGET_NAME)";
				SWIFT_VERSION = 5.0;
				TARGETED_DEVICE_FAMILY = "1,2";
			};
			name = Release;
		};
/* End XCBuildConfiguration section */

/* Begin XCConfigurationList section */
		ABA0126E253652880083DE2F /* Build configuration list for PBXProject "Programatic Calculator" */ = {
			isa = XCConfigurationList;
			buildConfigurations = (
				ABA01285253652960083DE2F /* Debug */,
				ABA01286253652960083DE2F /* Release */,
			);
			defaultConfigurationIsVisible = 0;
			defaultConfigurationName = Release;
		};
		ABA01287253652960083DE2F /* Build configuration list for PBXNativeTarget "Programatic Calculator" */ = {
			isa = XCConfigurationList;
			buildConfigurations = (
				ABA01288253652960083DE2F /* Debug */,
				ABA01289253652960083DE2F /* Release */,
			);
			defaultConfigurationIsVisible = 0;
			defaultConfigurationName = Release;
		};
/* End XCConfigurationList section */
	};
	rootObject = ABA0126B253652880083DE2F /* Project object */;
}
